// !$*UTF8*$!
{
	archiveVersion = 1;
	classes = {
	};
	objectVersion = 51;
	objects = {

/* Begin PBXBuildFile section */
		5CC290ED8C9083BAC39F9BC9 /* Pods_Instagram.framework in Frameworks */ = {isa = PBXBuildFile; fileRef = 45D554B33FF1F21EE869461E /* Pods_Instagram.framework */; };
		9D68AAA099EAAA91DC02BF76 /* Pods_InstagramUITests.framework in Frameworks */ = {isa = PBXBuildFile; fileRef = 7795DA804F331C3DA14B637D /* Pods_InstagramUITests.framework */; };
		C0269F1422D3FC1A00371814 /* AppDelegate.m in Sources */ = {isa = PBXBuildFile; fileRef = C0269F1322D3FC1A00371814 /* AppDelegate.m */; };
		C0269F1A22D3FC1A00371814 /* Main.storyboard in Resources */ = {isa = PBXBuildFile; fileRef = C0269F1822D3FC1A00371814 /* Main.storyboard */; };
		C0269F1F22D3FC1B00371814 /* LaunchScreen.storyboard in Resources */ = {isa = PBXBuildFile; fileRef = C0269F1D22D3FC1B00371814 /* LaunchScreen.storyboard */; };
		C0269F2222D3FC1B00371814 /* main.m in Sources */ = {isa = PBXBuildFile; fileRef = C0269F2122D3FC1B00371814 /* main.m */; };
		C0269F2C22D3FC1B00371814 /* InstagramTests.m in Sources */ = {isa = PBXBuildFile; fileRef = C0269F2B22D3FC1B00371814 /* InstagramTests.m */; };
		C0269F3722D3FC1B00371814 /* InstagramUITests.m in Sources */ = {isa = PBXBuildFile; fileRef = C0269F3622D3FC1B00371814 /* InstagramUITests.m */; };
		C05BC86422D66AA2006CB094 /* ProfileViewController.m in Sources */ = {isa = PBXBuildFile; fileRef = C05BC86322D66AA2006CB094 /* ProfileViewController.m */; };
		C05BC86622D67175006CB094 /* Media.xcassets in Resources */ = {isa = PBXBuildFile; fileRef = C05BC86522D67175006CB094 /* Media.xcassets */; };
		C05BC86922D676AE006CB094 /* UserPostCollectionCell.m in Sources */ = {isa = PBXBuildFile; fileRef = C05BC86822D676AE006CB094 /* UserPostCollectionCell.m */; };
		C05EF12B22D78FAA003FC663 /* EditProfileViewController.m in Sources */ = {isa = PBXBuildFile; fileRef = C05EF12A22D78FAA003FC663 /* EditProfileViewController.m */; };
		C05EF12E22D7ADFC003FC663 /* LikeDetailsViewController.m in Sources */ = {isa = PBXBuildFile; fileRef = C05EF12D22D7ADFC003FC663 /* LikeDetailsViewController.m */; };
		C05EF13122D7AFD0003FC663 /* LikedUserCell.m in Sources */ = {isa = PBXBuildFile; fileRef = C05EF13022D7AFD0003FC663 /* LikedUserCell.m */; };
		C05EF13722D7BF87003FC663 /* CommentViewController.m in Sources */ = {isa = PBXBuildFile; fileRef = C05EF13622D7BF87003FC663 /* CommentViewController.m */; };
		C0F423BA22D40B8F00654B35 /* LoginViewController.m in Sources */ = {isa = PBXBuildFile; fileRef = C0F423B922D40B8F00654B35 /* LoginViewController.m */; };
		C0F423BD22D40C5D00654B35 /* SignUpViewController.m in Sources */ = {isa = PBXBuildFile; fileRef = C0F423BC22D40C5D00654B35 /* SignUpViewController.m */; };
		C0F423C022D40D8400654B35 /* HomeFeedViewController.m in Sources */ = {isa = PBXBuildFile; fileRef = C0F423BF22D40D8400654B35 /* HomeFeedViewController.m */; };
		C0F423C422D44E1100654B35 /* Post.m in Sources */ = {isa = PBXBuildFile; fileRef = C0F423C322D44E1100654B35 /* Post.m */; };
		C0F423C722D45BBC00654B35 /* PostCell.m in Sources */ = {isa = PBXBuildFile; fileRef = C0F423C622D45BBC00654B35 /* PostCell.m */; };
		C0F423CA22D5243100654B35 /* PhotoCaptureViewController.m in Sources */ = {isa = PBXBuildFile; fileRef = C0F423C922D5243100654B35 /* PhotoCaptureViewController.m */; };
		C0F423CD22D560B600654B35 /* PostDetailsViewController.m in Sources */ = {isa = PBXBuildFile; fileRef = C0F423CC22D560B600654B35 /* PostDetailsViewController.m */; };
		C0F423D022D567AF00654B35 /* InstagramHelper.m in Sources */ = {isa = PBXBuildFile; fileRef = C0F423CF22D567AF00654B35 /* InstagramHelper.m */; };
		CC1C832D60308C3C5602676B /* Pods_InstagramTests.framework in Frameworks */ = {isa = PBXBuildFile; fileRef = EF270C85E70836BD16CC7BD7 /* Pods_InstagramTests.framework */; };
/* End PBXBuildFile section */

/* Begin PBXContainerItemProxy section */
		C0269F2822D3FC1B00371814 /* PBXContainerItemProxy */ = {
			isa = PBXContainerItemProxy;
			containerPortal = C0269F0722D3FC1A00371814 /* Project object */;
			proxyType = 1;
			remoteGlobalIDString = C0269F0E22D3FC1A00371814;
			remoteInfo = Instagram;
		};
		C0269F3322D3FC1B00371814 /* PBXContainerItemProxy */ = {
			isa = PBXContainerItemProxy;
			containerPortal = C0269F0722D3FC1A00371814 /* Project object */;
			proxyType = 1;
			remoteGlobalIDString = C0269F0E22D3FC1A00371814;
			remoteInfo = Instagram;
		};
/* End PBXContainerItemProxy section */

/* Begin PBXFileReference section */
		01C0D69D9E75D8E4BE4E103D /* Pods-Instagram.release.xcconfig */ = {isa = PBXFileReference; includeInIndex = 1; lastKnownFileType = text.xcconfig; name = "Pods-Instagram.release.xcconfig"; path = "Target Support Files/Pods-Instagram/Pods-Instagram.release.xcconfig"; sourceTree = "<group>"; };
		245B5A9B55B9D49559D0720D /* Pods-InstagramTests.debug.xcconfig */ = {isa = PBXFileReference; includeInIndex = 1; lastKnownFileType = text.xcconfig; name = "Pods-InstagramTests.debug.xcconfig"; path = "Target Support Files/Pods-InstagramTests/Pods-InstagramTests.debug.xcconfig"; sourceTree = "<group>"; };
		35FA010E5E62C23379A6ABE8 /* Pods-InstagramUITests.release.xcconfig */ = {isa = PBXFileReference; includeInIndex = 1; lastKnownFileType = text.xcconfig; name = "Pods-InstagramUITests.release.xcconfig"; path = "Target Support Files/Pods-InstagramUITests/Pods-InstagramUITests.release.xcconfig"; sourceTree = "<group>"; };
		45D554B33FF1F21EE869461E /* Pods_Instagram.framework */ = {isa = PBXFileReference; explicitFileType = wrapper.framework; includeInIndex = 0; path = Pods_Instagram.framework; sourceTree = BUILT_PRODUCTS_DIR; };
		7795DA804F331C3DA14B637D /* Pods_InstagramUITests.framework */ = {isa = PBXFileReference; explicitFileType = wrapper.framework; includeInIndex = 0; path = Pods_InstagramUITests.framework; sourceTree = BUILT_PRODUCTS_DIR; };
		7EED6C497DD4B2531DA4120C /* Pods-InstagramUITests.debug.xcconfig */ = {isa = PBXFileReference; includeInIndex = 1; lastKnownFileType = text.xcconfig; name = "Pods-InstagramUITests.debug.xcconfig"; path = "Target Support Files/Pods-InstagramUITests/Pods-InstagramUITests.debug.xcconfig"; sourceTree = "<group>"; };
		90C65A7660BAECC19B8290E1 /* Pods-InstagramTests.release.xcconfig */ = {isa = PBXFileReference; includeInIndex = 1; lastKnownFileType = text.xcconfig; name = "Pods-InstagramTests.release.xcconfig"; path = "Target Support Files/Pods-InstagramTests/Pods-InstagramTests.release.xcconfig"; sourceTree = "<group>"; };
		C0269F0F22D3FC1A00371814 /* Instagram.app */ = {isa = PBXFileReference; explicitFileType = wrapper.application; includeInIndex = 0; path = Instagram.app; sourceTree = BUILT_PRODUCTS_DIR; };
		C0269F1222D3FC1A00371814 /* AppDelegate.h */ = {isa = PBXFileReference; lastKnownFileType = sourcecode.c.h; path = AppDelegate.h; sourceTree = "<group>"; };
		C0269F1322D3FC1A00371814 /* AppDelegate.m */ = {isa = PBXFileReference; lastKnownFileType = sourcecode.c.objc; path = AppDelegate.m; sourceTree = "<group>"; };
		C0269F1922D3FC1A00371814 /* Base */ = {isa = PBXFileReference; lastKnownFileType = file.storyboard; name = Base; path = Base.lproj/Main.storyboard; sourceTree = "<group>"; };
		C0269F1E22D3FC1B00371814 /* Base */ = {isa = PBXFileReference; lastKnownFileType = file.storyboard; name = Base; path = Base.lproj/LaunchScreen.storyboard; sourceTree = "<group>"; };
		C0269F2022D3FC1B00371814 /* Info.plist */ = {isa = PBXFileReference; lastKnownFileType = text.plist.xml; path = Info.plist; sourceTree = "<group>"; };
		C0269F2122D3FC1B00371814 /* main.m */ = {isa = PBXFileReference; lastKnownFileType = sourcecode.c.objc; path = main.m; sourceTree = "<group>"; };
		C0269F2722D3FC1B00371814 /* InstagramTests.xctest */ = {isa = PBXFileReference; explicitFileType = wrapper.cfbundle; includeInIndex = 0; path = InstagramTests.xctest; sourceTree = BUILT_PRODUCTS_DIR; };
		C0269F2B22D3FC1B00371814 /* InstagramTests.m */ = {isa = PBXFileReference; lastKnownFileType = sourcecode.c.objc; path = InstagramTests.m; sourceTree = "<group>"; };
		C0269F2D22D3FC1B00371814 /* Info.plist */ = {isa = PBXFileReference; lastKnownFileType = text.plist.xml; path = Info.plist; sourceTree = "<group>"; };
		C0269F3222D3FC1B00371814 /* InstagramUITests.xctest */ = {isa = PBXFileReference; explicitFileType = wrapper.cfbundle; includeInIndex = 0; path = InstagramUITests.xctest; sourceTree = BUILT_PRODUCTS_DIR; };
		C0269F3622D3FC1B00371814 /* InstagramUITests.m */ = {isa = PBXFileReference; lastKnownFileType = sourcecode.c.objc; path = InstagramUITests.m; sourceTree = "<group>"; };
		C0269F3822D3FC1B00371814 /* Info.plist */ = {isa = PBXFileReference; lastKnownFileType = text.plist.xml; path = Info.plist; sourceTree = "<group>"; };
		C05BC86222D66AA2006CB094 /* ProfileViewController.h */ = {isa = PBXFileReference; lastKnownFileType = sourcecode.c.h; path = ProfileViewController.h; sourceTree = "<group>"; };
		C05BC86322D66AA2006CB094 /* ProfileViewController.m */ = {isa = PBXFileReference; lastKnownFileType = sourcecode.c.objc; path = ProfileViewController.m; sourceTree = "<group>"; };
		C05BC86522D67175006CB094 /* Media.xcassets */ = {isa = PBXFileReference; lastKnownFileType = folder.assetcatalog; path = Media.xcassets; sourceTree = "<group>"; };
		C05BC86722D676AE006CB094 /* UserPostCollectionCell.h */ = {isa = PBXFileReference; lastKnownFileType = sourcecode.c.h; path = UserPostCollectionCell.h; sourceTree = "<group>"; };
		C05BC86822D676AE006CB094 /* UserPostCollectionCell.m */ = {isa = PBXFileReference; lastKnownFileType = sourcecode.c.objc; path = UserPostCollectionCell.m; sourceTree = "<group>"; };
		C05EF12922D78FAA003FC663 /* EditProfileViewController.h */ = {isa = PBXFileReference; lastKnownFileType = sourcecode.c.h; path = EditProfileViewController.h; sourceTree = "<group>"; };
		C05EF12A22D78FAA003FC663 /* EditProfileViewController.m */ = {isa = PBXFileReference; lastKnownFileType = sourcecode.c.objc; path = EditProfileViewController.m; sourceTree = "<group>"; };
		C05EF12C22D7ADFC003FC663 /* LikeDetailsViewController.h */ = {isa = PBXFileReference; lastKnownFileType = sourcecode.c.h; path = LikeDetailsViewController.h; sourceTree = "<group>"; };
		C05EF12D22D7ADFC003FC663 /* LikeDetailsViewController.m */ = {isa = PBXFileReference; lastKnownFileType = sourcecode.c.objc; path = LikeDetailsViewController.m; sourceTree = "<group>"; };
		C05EF12F22D7AFD0003FC663 /* LikedUserCell.h */ = {isa = PBXFileReference; lastKnownFileType = sourcecode.c.h; path = LikedUserCell.h; sourceTree = "<group>"; };
		C05EF13022D7AFD0003FC663 /* LikedUserCell.m */ = {isa = PBXFileReference; lastKnownFileType = sourcecode.c.objc; path = LikedUserCell.m; sourceTree = "<group>"; };
		C05EF13522D7BF87003FC663 /* CommentViewController.h */ = {isa = PBXFileReference; lastKnownFileType = sourcecode.c.h; path = CommentViewController.h; sourceTree = "<group>"; };
		C05EF13622D7BF87003FC663 /* CommentViewController.m */ = {isa = PBXFileReference; lastKnownFileType = sourcecode.c.objc; path = CommentViewController.m; sourceTree = "<group>"; };
		C0F423B822D40B8F00654B35 /* LoginViewController.h */ = {isa = PBXFileReference; lastKnownFileType = sourcecode.c.h; path = LoginViewController.h; sourceTree = "<group>"; };
		C0F423B922D40B8F00654B35 /* LoginViewController.m */ = {isa = PBXFileReference; lastKnownFileType = sourcecode.c.objc; path = LoginViewController.m; sourceTree = "<group>"; };
		C0F423BB22D40C5D00654B35 /* SignUpViewController.h */ = {isa = PBXFileReference; lastKnownFileType = sourcecode.c.h; path = SignUpViewController.h; sourceTree = "<group>"; };
		C0F423BC22D40C5D00654B35 /* SignUpViewController.m */ = {isa = PBXFileReference; lastKnownFileType = sourcecode.c.objc; path = SignUpViewController.m; sourceTree = "<group>"; };
		C0F423BE22D40D8400654B35 /* HomeFeedViewController.h */ = {isa = PBXFileReference; lastKnownFileType = sourcecode.c.h; path = HomeFeedViewController.h; sourceTree = "<group>"; };
		C0F423BF22D40D8400654B35 /* HomeFeedViewController.m */ = {isa = PBXFileReference; lastKnownFileType = sourcecode.c.objc; path = HomeFeedViewController.m; sourceTree = "<group>"; };
		C0F423C222D44E1100654B35 /* Post.h */ = {isa = PBXFileReference; lastKnownFileType = sourcecode.c.h; path = Post.h; sourceTree = "<group>"; };
		C0F423C322D44E1100654B35 /* Post.m */ = {isa = PBXFileReference; lastKnownFileType = sourcecode.c.objc; path = Post.m; sourceTree = "<group>"; };
		C0F423C522D45BBC00654B35 /* PostCell.h */ = {isa = PBXFileReference; lastKnownFileType = sourcecode.c.h; path = PostCell.h; sourceTree = "<group>"; };
		C0F423C622D45BBC00654B35 /* PostCell.m */ = {isa = PBXFileReference; lastKnownFileType = sourcecode.c.objc; path = PostCell.m; sourceTree = "<group>"; };
		C0F423C822D5243100654B35 /* PhotoCaptureViewController.h */ = {isa = PBXFileReference; lastKnownFileType = sourcecode.c.h; path = PhotoCaptureViewController.h; sourceTree = "<group>"; };
		C0F423C922D5243100654B35 /* PhotoCaptureViewController.m */ = {isa = PBXFileReference; lastKnownFileType = sourcecode.c.objc; path = PhotoCaptureViewController.m; sourceTree = "<group>"; };
		C0F423CB22D560B600654B35 /* PostDetailsViewController.h */ = {isa = PBXFileReference; lastKnownFileType = sourcecode.c.h; path = PostDetailsViewController.h; sourceTree = "<group>"; };
		C0F423CC22D560B600654B35 /* PostDetailsViewController.m */ = {isa = PBXFileReference; lastKnownFileType = sourcecode.c.objc; path = PostDetailsViewController.m; sourceTree = "<group>"; };
		C0F423CE22D567AF00654B35 /* InstagramHelper.h */ = {isa = PBXFileReference; lastKnownFileType = sourcecode.c.h; path = InstagramHelper.h; sourceTree = "<group>"; };
		C0F423CF22D567AF00654B35 /* InstagramHelper.m */ = {isa = PBXFileReference; lastKnownFileType = sourcecode.c.objc; path = InstagramHelper.m; sourceTree = "<group>"; };
		EF270C85E70836BD16CC7BD7 /* Pods_InstagramTests.framework */ = {isa = PBXFileReference; explicitFileType = wrapper.framework; includeInIndex = 0; path = Pods_InstagramTests.framework; sourceTree = BUILT_PRODUCTS_DIR; };
		F202ED24ED6C8335CC65D4B4 /* Pods-Instagram.debug.xcconfig */ = {isa = PBXFileReference; includeInIndex = 1; lastKnownFileType = text.xcconfig; name = "Pods-Instagram.debug.xcconfig"; path = "Target Support Files/Pods-Instagram/Pods-Instagram.debug.xcconfig"; sourceTree = "<group>"; };
/* End PBXFileReference section */

/* Begin PBXFrameworksBuildPhase section */
		C0269F0C22D3FC1A00371814 /* Frameworks */ = {
			isa = PBXFrameworksBuildPhase;
			buildActionMask = 2147483647;
			files = (
				5CC290ED8C9083BAC39F9BC9 /* Pods_Instagram.framework in Frameworks */,
			);
			runOnlyForDeploymentPostprocessing = 0;
		};
		C0269F2422D3FC1B00371814 /* Frameworks */ = {
			isa = PBXFrameworksBuildPhase;
			buildActionMask = 2147483647;
			files = (
				CC1C832D60308C3C5602676B /* Pods_InstagramTests.framework in Frameworks */,
			);
			runOnlyForDeploymentPostprocessing = 0;
		};
		C0269F2F22D3FC1B00371814 /* Frameworks */ = {
			isa = PBXFrameworksBuildPhase;
			buildActionMask = 2147483647;
			files = (
				9D68AAA099EAAA91DC02BF76 /* Pods_InstagramUITests.framework in Frameworks */,
			);
			runOnlyForDeploymentPostprocessing = 0;
		};
/* End PBXFrameworksBuildPhase section */

/* Begin PBXGroup section */
		A02048BEE6AD76421C9CE8F0 /* Frameworks */ = {
			isa = PBXGroup;
			children = (
				45D554B33FF1F21EE869461E /* Pods_Instagram.framework */,
				EF270C85E70836BD16CC7BD7 /* Pods_InstagramTests.framework */,
				7795DA804F331C3DA14B637D /* Pods_InstagramUITests.framework */,
			);
			name = Frameworks;
			sourceTree = "<group>";
		};
		BB3EBE2E61AC79133F6A209B /* Pods */ = {
			isa = PBXGroup;
			children = (
				F202ED24ED6C8335CC65D4B4 /* Pods-Instagram.debug.xcconfig */,
				01C0D69D9E75D8E4BE4E103D /* Pods-Instagram.release.xcconfig */,
				245B5A9B55B9D49559D0720D /* Pods-InstagramTests.debug.xcconfig */,
				90C65A7660BAECC19B8290E1 /* Pods-InstagramTests.release.xcconfig */,
				7EED6C497DD4B2531DA4120C /* Pods-InstagramUITests.debug.xcconfig */,
				35FA010E5E62C23379A6ABE8 /* Pods-InstagramUITests.release.xcconfig */,
			);
			path = Pods;
			sourceTree = "<group>";
		};
		C0269F0622D3FC1A00371814 = {
			isa = PBXGroup;
			children = (
				C0269F1122D3FC1A00371814 /* Instagram */,
				C0269F2A22D3FC1B00371814 /* InstagramTests */,
				C0269F3522D3FC1B00371814 /* InstagramUITests */,
				C0269F1022D3FC1A00371814 /* Products */,
				BB3EBE2E61AC79133F6A209B /* Pods */,
				A02048BEE6AD76421C9CE8F0 /* Frameworks */,
			);
			sourceTree = "<group>";
		};
		C0269F1022D3FC1A00371814 /* Products */ = {
			isa = PBXGroup;
			children = (
				C0269F0F22D3FC1A00371814 /* Instagram.app */,
				C0269F2722D3FC1B00371814 /* InstagramTests.xctest */,
				C0269F3222D3FC1B00371814 /* InstagramUITests.xctest */,
			);
			name = Products;
			sourceTree = "<group>";
		};
		C0269F1122D3FC1A00371814 /* Instagram */ = {
			isa = PBXGroup;
			children = (
				C0F423C122D44DF300654B35 /* Models */,
				C0F423B722D40B5800654B35 /* Views */,
				C0F423B622D40B4E00654B35 /* ViewController */,
				C0269F1222D3FC1A00371814 /* AppDelegate.h */,
				C0269F1322D3FC1A00371814 /* AppDelegate.m */,
				C0269F1822D3FC1A00371814 /* Main.storyboard */,
				C0269F1D22D3FC1B00371814 /* LaunchScreen.storyboard */,
				C0269F2022D3FC1B00371814 /* Info.plist */,
				C0269F2122D3FC1B00371814 /* main.m */,
				C0F423CE22D567AF00654B35 /* InstagramHelper.h */,
				C0F423CF22D567AF00654B35 /* InstagramHelper.m */,
				C05BC86522D67175006CB094 /* Media.xcassets */,
			);
			path = Instagram;
			sourceTree = "<group>";
		};
		C0269F2A22D3FC1B00371814 /* InstagramTests */ = {
			isa = PBXGroup;
			children = (
				C0269F2B22D3FC1B00371814 /* InstagramTests.m */,
				C0269F2D22D3FC1B00371814 /* Info.plist */,
			);
			path = InstagramTests;
			sourceTree = "<group>";
		};
		C0269F3522D3FC1B00371814 /* InstagramUITests */ = {
			isa = PBXGroup;
			children = (
				C0269F3622D3FC1B00371814 /* InstagramUITests.m */,
				C0269F3822D3FC1B00371814 /* Info.plist */,
			);
			path = InstagramUITests;
			sourceTree = "<group>";
		};
		C0F423B622D40B4E00654B35 /* ViewController */ = {
			isa = PBXGroup;
			children = (
				C0F423B822D40B8F00654B35 /* LoginViewController.h */,
				C0F423B922D40B8F00654B35 /* LoginViewController.m */,
				C0F423BB22D40C5D00654B35 /* SignUpViewController.h */,
				C0F423BC22D40C5D00654B35 /* SignUpViewController.m */,
				C0F423BE22D40D8400654B35 /* HomeFeedViewController.h */,
				C0F423BF22D40D8400654B35 /* HomeFeedViewController.m */,
				C0F423C822D5243100654B35 /* PhotoCaptureViewController.h */,
				C0F423C922D5243100654B35 /* PhotoCaptureViewController.m */,
				C0F423CB22D560B600654B35 /* PostDetailsViewController.h */,
				C0F423CC22D560B600654B35 /* PostDetailsViewController.m */,
				C05BC86222D66AA2006CB094 /* ProfileViewController.h */,
				C05BC86322D66AA2006CB094 /* ProfileViewController.m */,
				C05EF12922D78FAA003FC663 /* EditProfileViewController.h */,
				C05EF12A22D78FAA003FC663 /* EditProfileViewController.m */,
				C05EF12C22D7ADFC003FC663 /* LikeDetailsViewController.h */,
				C05EF12D22D7ADFC003FC663 /* LikeDetailsViewController.m */,
				C05EF13522D7BF87003FC663 /* CommentViewController.h */,
				C05EF13622D7BF87003FC663 /* CommentViewController.m */,
			);
			path = ViewController;
			sourceTree = "<group>";
		};
		C0F423B722D40B5800654B35 /* Views */ = {
			isa = PBXGroup;
			children = (
				C0F423C522D45BBC00654B35 /* PostCell.h */,
				C0F423C622D45BBC00654B35 /* PostCell.m */,
				C05BC86722D676AE006CB094 /* UserPostCollectionCell.h */,
				C05BC86822D676AE006CB094 /* UserPostCollectionCell.m */,
				C05EF12F22D7AFD0003FC663 /* LikedUserCell.h */,
				C05EF13022D7AFD0003FC663 /* LikedUserCell.m */,
			);
			path = Views;
			sourceTree = "<group>";
		};
		C0F423C122D44DF300654B35 /* Models */ = {
			isa = PBXGroup;
			children = (
				C0F423C222D44E1100654B35 /* Post.h */,
				C0F423C322D44E1100654B35 /* Post.m */,
			);
			path = Models;
			sourceTree = "<group>";
		};
/* End PBXGroup section */

/* Begin PBXNativeTarget section */
		C0269F0E22D3FC1A00371814 /* Instagram */ = {
			isa = PBXNativeTarget;
			buildConfigurationList = C0269F3B22D3FC1B00371814 /* Build configuration list for PBXNativeTarget "Instagram" */;
			buildPhases = (
				E2F5EFDBA6CAEAEA524A23D5 /* [CP] Check Pods Manifest.lock */,
				C0269F0B22D3FC1A00371814 /* Sources */,
				C0269F0C22D3FC1A00371814 /* Frameworks */,
				C0269F0D22D3FC1A00371814 /* Resources */,
				A1FA40DCAF54122AFEB4A5F0 /* [CP] Embed Pods Frameworks */,
			);
			buildRules = (
			);
			dependencies = (
			);
			name = Instagram;
			productName = Instagram;
			productReference = C0269F0F22D3FC1A00371814 /* Instagram.app */;
			productType = "com.apple.product-type.application";
		};
		C0269F2622D3FC1B00371814 /* InstagramTests */ = {
			isa = PBXNativeTarget;
			buildConfigurationList = C0269F3E22D3FC1B00371814 /* Build configuration list for PBXNativeTarget "InstagramTests" */;
			buildPhases = (
				0661A5302283541EAF7088A9 /* [CP] Check Pods Manifest.lock */,
				C0269F2322D3FC1B00371814 /* Sources */,
				C0269F2422D3FC1B00371814 /* Frameworks */,
				C0269F2522D3FC1B00371814 /* Resources */,
			);
			buildRules = (
			);
			dependencies = (
				C0269F2922D3FC1B00371814 /* PBXTargetDependency */,
			);
			name = InstagramTests;
			productName = InstagramTests;
			productReference = C0269F2722D3FC1B00371814 /* InstagramTests.xctest */;
			productType = "com.apple.product-type.bundle.unit-test";
		};
		C0269F3122D3FC1B00371814 /* InstagramUITests */ = {
			isa = PBXNativeTarget;
			buildConfigurationList = C0269F4122D3FC1B00371814 /* Build configuration list for PBXNativeTarget "InstagramUITests" */;
			buildPhases = (
				68D093B4D60BF2C9F2864AFE /* [CP] Check Pods Manifest.lock */,
				C0269F2E22D3FC1B00371814 /* Sources */,
				C0269F2F22D3FC1B00371814 /* Frameworks */,
				C0269F3022D3FC1B00371814 /* Resources */,
			);
			buildRules = (
			);
			dependencies = (
				C0269F3422D3FC1B00371814 /* PBXTargetDependency */,
			);
			name = InstagramUITests;
			productName = InstagramUITests;
			productReference = C0269F3222D3FC1B00371814 /* InstagramUITests.xctest */;
			productType = "com.apple.product-type.bundle.ui-testing";
		};
/* End PBXNativeTarget section */

/* Begin PBXProject section */
		C0269F0722D3FC1A00371814 /* Project object */ = {
			isa = PBXProject;
			attributes = {
				LastUpgradeCheck = 1020;
				ORGANIZATIONNAME = aliu18;
				TargetAttributes = {
					C0269F0E22D3FC1A00371814 = {
						CreatedOnToolsVersion = 10.2.1;
					};
					C0269F2622D3FC1B00371814 = {
						CreatedOnToolsVersion = 10.2.1;
						TestTargetID = C0269F0E22D3FC1A00371814;
					};
					C0269F3122D3FC1B00371814 = {
						CreatedOnToolsVersion = 10.2.1;
						TestTargetID = C0269F0E22D3FC1A00371814;
					};
				};
			};
			buildConfigurationList = C0269F0A22D3FC1A00371814 /* Build configuration list for PBXProject "Instagram" */;
			compatibilityVersion = "Xcode 9.3";
			developmentRegion = en;
			hasScannedForEncodings = 0;
			knownRegions = (
				en,
				Base,
			);
			mainGroup = C0269F0622D3FC1A00371814;
			productRefGroup = C0269F1022D3FC1A00371814 /* Products */;
			projectDirPath = "";
			projectRoot = "";
			targets = (
				C0269F0E22D3FC1A00371814 /* Instagram */,
				C0269F2622D3FC1B00371814 /* InstagramTests */,
				C0269F3122D3FC1B00371814 /* InstagramUITests */,
			);
		};
/* End PBXProject section */

/* Begin PBXResourcesBuildPhase section */
		C0269F0D22D3FC1A00371814 /* Resources */ = {
			isa = PBXResourcesBuildPhase;
			buildActionMask = 2147483647;
			files = (
				C0269F1F22D3FC1B00371814 /* LaunchScreen.storyboard in Resources */,
				C05BC86622D67175006CB094 /* Media.xcassets in Resources */,
				C0269F1A22D3FC1A00371814 /* Main.storyboard in Resources */,
			);
			runOnlyForDeploymentPostprocessing = 0;
		};
		C0269F2522D3FC1B00371814 /* Resources */ = {
			isa = PBXResourcesBuildPhase;
			buildActionMask = 2147483647;
			files = (
			);
			runOnlyForDeploymentPostprocessing = 0;
		};
		C0269F3022D3FC1B00371814 /* Resources */ = {
			isa = PBXResourcesBuildPhase;
			buildActionMask = 2147483647;
			files = (
			);
			runOnlyForDeploymentPostprocessing = 0;
		};
/* End PBXResourcesBuildPhase section */

/* Begin PBXShellScriptBuildPhase section */
		0661A5302283541EAF7088A9 /* [CP] Check Pods Manifest.lock */ = {
			isa = PBXShellScriptBuildPhase;
			buildActionMask = 2147483647;
			files = (
			);
			inputFileListPaths = (
			);
			inputPaths = (
				"${PODS_PODFILE_DIR_PATH}/Podfile.lock",
				"${PODS_ROOT}/Manifest.lock",
			);
			name = "[CP] Check Pods Manifest.lock";
			outputFileListPaths = (
			);
			outputPaths = (
				"$(DERIVED_FILE_DIR)/Pods-InstagramTests-checkManifestLockResult.txt",
			);
			runOnlyForDeploymentPostprocessing = 0;
			shellPath = /bin/sh;
			shellScript = "diff \"${PODS_PODFILE_DIR_PATH}/Podfile.lock\" \"${PODS_ROOT}/Manifest.lock\" > /dev/null\nif [ $? != 0 ] ; then\n    # print error to STDERR\n    echo \"error: The sandbox is not in sync with the Podfile.lock. Run 'pod install' or update your CocoaPods installation.\" >&2\n    exit 1\nfi\n# This output is used by Xcode 'outputs' to avoid re-running this script phase.\necho \"SUCCESS\" > \"${SCRIPT_OUTPUT_FILE_0}\"\n";
			showEnvVarsInLog = 0;
		};
		68D093B4D60BF2C9F2864AFE /* [CP] Check Pods Manifest.lock */ = {
			isa = PBXShellScriptBuildPhase;
			buildActionMask = 2147483647;
			files = (
			);
			inputFileListPaths = (
			);
			inputPaths = (
				"${PODS_PODFILE_DIR_PATH}/Podfile.lock",
				"${PODS_ROOT}/Manifest.lock",
			);
			name = "[CP] Check Pods Manifest.lock";
			outputFileListPaths = (
			);
			outputPaths = (
				"$(DERIVED_FILE_DIR)/Pods-InstagramUITests-checkManifestLockResult.txt",
			);
			runOnlyForDeploymentPostprocessing = 0;
			shellPath = /bin/sh;
			shellScript = "diff \"${PODS_PODFILE_DIR_PATH}/Podfile.lock\" \"${PODS_ROOT}/Manifest.lock\" > /dev/null\nif [ $? != 0 ] ; then\n    # print error to STDERR\n    echo \"error: The sandbox is not in sync with the Podfile.lock. Run 'pod install' or update your CocoaPods installation.\" >&2\n    exit 1\nfi\n# This output is used by Xcode 'outputs' to avoid re-running this script phase.\necho \"SUCCESS\" > \"${SCRIPT_OUTPUT_FILE_0}\"\n";
			showEnvVarsInLog = 0;
		};
		A1FA40DCAF54122AFEB4A5F0 /* [CP] Embed Pods Frameworks */ = {
			isa = PBXShellScriptBuildPhase;
			buildActionMask = 2147483647;
			files = (
			);
			inputFileListPaths = (
				"${PODS_ROOT}/Target Support Files/Pods-Instagram/Pods-Instagram-frameworks-${CONFIGURATION}-input-files.xcfilelist",
			);
			name = "[CP] Embed Pods Frameworks";
			outputFileListPaths = (
				"${PODS_ROOT}/Target Support Files/Pods-Instagram/Pods-Instagram-frameworks-${CONFIGURATION}-output-files.xcfilelist",
			);
			runOnlyForDeploymentPostprocessing = 0;
			shellPath = /bin/sh;
			shellScript = "\"${PODS_ROOT}/Target Support Files/Pods-Instagram/Pods-Instagram-frameworks.sh\"\n";
			showEnvVarsInLog = 0;
		};
		E2F5EFDBA6CAEAEA524A23D5 /* [CP] Check Pods Manifest.lock */ = {
			isa = PBXShellScriptBuildPhase;
			buildActionMask = 2147483647;
			files = (
			);
			inputFileListPaths = (
			);
			inputPaths = (
				"${PODS_PODFILE_DIR_PATH}/Podfile.lock",
				"${PODS_ROOT}/Manifest.lock",
			);
			name = "[CP] Check Pods Manifest.lock";
			outputFileListPaths = (
			);
			outputPaths = (
				"$(DERIVED_FILE_DIR)/Pods-Instagram-checkManifestLockResult.txt",
			);
			runOnlyForDeploymentPostprocessing = 0;
			shellPath = /bin/sh;
			shellScript = "diff \"${PODS_PODFILE_DIR_PATH}/Podfile.lock\" \"${PODS_ROOT}/Manifest.lock\" > /dev/null\nif [ $? != 0 ] ; then\n    # print error to STDERR\n    echo \"error: The sandbox is not in sync with the Podfile.lock. Run 'pod install' or update your CocoaPods installation.\" >&2\n    exit 1\nfi\n# This output is used by Xcode 'outputs' to avoid re-running this script phase.\necho \"SUCCESS\" > \"${SCRIPT_OUTPUT_FILE_0}\"\n";
			showEnvVarsInLog = 0;
		};
/* End PBXShellScriptBuildPhase section */

/* Begin PBXSourcesBuildPhase section */
		C0269F0B22D3FC1A00371814 /* Sources */ = {
			isa = PBXSourcesBuildPhase;
			buildActionMask = 2147483647;
			files = (
				C0F423C022D40D8400654B35 /* HomeFeedViewController.m in Sources */,
				C0F423C422D44E1100654B35 /* Post.m in Sources */,
				C0F423BA22D40B8F00654B35 /* LoginViewController.m in Sources */,
				C0F423BD22D40C5D00654B35 /* SignUpViewController.m in Sources */,
				C05EF13722D7BF87003FC663 /* CommentViewController.m in Sources */,
				C0F423D022D567AF00654B35 /* InstagramHelper.m in Sources */,
				C0F423CA22D5243100654B35 /* PhotoCaptureViewController.m in Sources */,
				C0F423C722D45BBC00654B35 /* PostCell.m in Sources */,
				C0269F2222D3FC1B00371814 /* main.m in Sources */,
				C05EF12E22D7ADFC003FC663 /* LikeDetailsViewController.m in Sources */,
				C05EF13122D7AFD0003FC663 /* LikedUserCell.m in Sources */,
				C05EF12B22D78FAA003FC663 /* EditProfileViewController.m in Sources */,
				C05BC86922D676AE006CB094 /* UserPostCollectionCell.m in Sources */,
				C05BC86422D66AA2006CB094 /* ProfileViewController.m in Sources */,
				C0269F1422D3FC1A00371814 /* AppDelegate.m in Sources */,
				C0F423CD22D560B600654B35 /* PostDetailsViewController.m in Sources */,
			);
			runOnlyForDeploymentPostprocessing = 0;
		};
		C0269F2322D3FC1B00371814 /* Sources */ = {
			isa = PBXSourcesBuildPhase;
			buildActionMask = 2147483647;
			files = (
				C0269F2C22D3FC1B00371814 /* InstagramTests.m in Sources */,
			);
			runOnlyForDeploymentPostprocessing = 0;
		};
		C0269F2E22D3FC1B00371814 /* Sources */ = {
			isa = PBXSourcesBuildPhase;
			buildActionMask = 2147483647;
			files = (
				C0269F3722D3FC1B00371814 /* InstagramUITests.m in Sources */,
			);
			runOnlyForDeploymentPostprocessing = 0;
		};
/* End PBXSourcesBuildPhase section */

/* Begin PBXTargetDependency section */
		C0269F2922D3FC1B00371814 /* PBXTargetDependency */ = {
			isa = PBXTargetDependency;
			target = C0269F0E22D3FC1A00371814 /* Instagram */;
			targetProxy = C0269F2822D3FC1B00371814 /* PBXContainerItemProxy */;
		};
		C0269F3422D3FC1B00371814 /* PBXTargetDependency */ = {
			isa = PBXTargetDependency;
			target = C0269F0E22D3FC1A00371814 /* Instagram */;
			targetProxy = C0269F3322D3FC1B00371814 /* PBXContainerItemProxy */;
		};
/* End PBXTargetDependency section */

/* Begin PBXVariantGroup section */
		C0269F1822D3FC1A00371814 /* Main.storyboard */ = {
			isa = PBXVariantGroup;
			children = (
				C0269F1922D3FC1A00371814 /* Base */,
			);
			name = Main.storyboard;
			sourceTree = "<group>";
		};
		C0269F1D22D3FC1B00371814 /* LaunchScreen.storyboard */ = {
			isa = PBXVariantGroup;
			children = (
				C0269F1E22D3FC1B00371814 /* Base */,
			);
			name = LaunchScreen.storyboard;
			sourceTree = "<group>";
		};
/* End PBXVariantGroup section */

/* Begin XCBuildConfiguration section */
		C0269F3922D3FC1B00371814 /* Debug */ = {
			isa = XCBuildConfiguration;
			buildSettings = {
				ALWAYS_SEARCH_USER_PATHS = NO;
				CLANG_ANALYZER_NONNULL = YES;
				CLANG_ANALYZER_NUMBER_OBJECT_CONVERSION = YES_AGGRESSIVE;
				CLANG_CXX_LANGUAGE_STANDARD = "gnu++14";
				CLANG_CXX_LIBRARY = "libc++";
				CLANG_ENABLE_MODULES = YES;
				CLANG_ENABLE_OBJC_ARC = YES;
				CLANG_ENABLE_OBJC_WEAK = YES;
				CLANG_WARN_BLOCK_CAPTURE_AUTORELEASING = YES;
				CLANG_WARN_BOOL_CONVERSION = YES;
				CLANG_WARN_COMMA = YES;
				CLANG_WARN_CONSTANT_CONVERSION = YES;
				CLANG_WARN_DEPRECATED_OBJC_IMPLEMENTATIONS = YES;
				CLANG_WARN_DIRECT_OBJC_ISA_USAGE = YES_ERROR;
				CLANG_WARN_DOCUMENTATION_COMMENTS = YES;
				CLANG_WARN_EMPTY_BODY = YES;
				CLANG_WARN_ENUM_CONVERSION = YES;
				CLANG_WARN_INFINITE_RECURSION = YES;
				CLANG_WARN_INT_CONVERSION = YES;
				CLANG_WARN_NON_LITERAL_NULL_CONVERSION = YES;
				CLANG_WARN_OBJC_IMPLICIT_RETAIN_SELF = YES;
				CLANG_WARN_OBJC_LITERAL_CONVERSION = YES;
				CLANG_WARN_OBJC_ROOT_CLASS = YES_ERROR;
				CLANG_WARN_RANGE_LOOP_ANALYSIS = YES;
				CLANG_WARN_STRICT_PROTOTYPES = YES;
				CLANG_WARN_SUSPICIOUS_MOVE = YES;
				CLANG_WARN_UNGUARDED_AVAILABILITY = YES_AGGRESSIVE;
				CLANG_WARN_UNREACHABLE_CODE = YES;
				CLANG_WARN__DUPLICATE_METHOD_MATCH = YES;
				CODE_SIGN_IDENTITY = "iPhone Developer";
				COPY_PHASE_STRIP = NO;
				DEBUG_INFORMATION_FORMAT = dwarf;
				ENABLE_STRICT_OBJC_MSGSEND = YES;
				ENABLE_TESTABILITY = YES;
				GCC_C_LANGUAGE_STANDARD = gnu11;
				GCC_DYNAMIC_NO_PIC = NO;
				GCC_NO_COMMON_BLOCKS = YES;
				GCC_OPTIMIZATION_LEVEL = 0;
				GCC_PREPROCESSOR_DEFINITIONS = (
					"DEBUG=1",
					"$(inherited)",
				);
				GCC_WARN_64_TO_32_BIT_CONVERSION = YES;
				GCC_WARN_ABOUT_RETURN_TYPE = YES_ERROR;
				GCC_WARN_UNDECLARED_SELECTOR = YES;
				GCC_WARN_UNINITIALIZED_AUTOS = YES_AGGRESSIVE;
				GCC_WARN_UNUSED_FUNCTION = YES;
				GCC_WARN_UNUSED_VARIABLE = YES;
				IPHONEOS_DEPLOYMENT_TARGET = 12.2;
				MTL_ENABLE_DEBUG_INFO = INCLUDE_SOURCE;
				MTL_FAST_MATH = YES;
				ONLY_ACTIVE_ARCH = YES;
				SDKROOT = iphoneos;
			};
			name = Debug;
		};
		C0269F3A22D3FC1B00371814 /* Release */ = {
			isa = XCBuildConfiguration;
			buildSettings = {
				ALWAYS_SEARCH_USER_PATHS = NO;
				CLANG_ANALYZER_NONNULL = YES;
				CLANG_ANALYZER_NUMBER_OBJECT_CONVERSION = YES_AGGRESSIVE;
				CLANG_CXX_LANGUAGE_STANDARD = "gnu++14";
				CLANG_CXX_LIBRARY = "libc++";
				CLANG_ENABLE_MODULES = YES;
				CLANG_ENABLE_OBJC_ARC = YES;
				CLANG_ENABLE_OBJC_WEAK = YES;
				CLANG_WARN_BLOCK_CAPTURE_AUTORELEASING = YES;
				CLANG_WARN_BOOL_CONVERSION = YES;
				CLANG_WARN_COMMA = YES;
				CLANG_WARN_CONSTANT_CONVERSION = YES;
				CLANG_WARN_DEPRECATED_OBJC_IMPLEMENTATIONS = YES;
				CLANG_WARN_DIRECT_OBJC_ISA_USAGE = YES_ERROR;
				CLANG_WARN_DOCUMENTATION_COMMENTS = YES;
				CLANG_WARN_EMPTY_BODY = YES;
				CLANG_WARN_ENUM_CONVERSION = YES;
				CLANG_WARN_INFINITE_RECURSION = YES;
				CLANG_WARN_INT_CONVERSION = YES;
				CLANG_WARN_NON_LITERAL_NULL_CONVERSION = YES;
				CLANG_WARN_OBJC_IMPLICIT_RETAIN_SELF = YES;
				CLANG_WARN_OBJC_LITERAL_CONVERSION = YES;
				CLANG_WARN_OBJC_ROOT_CLASS = YES_ERROR;
				CLANG_WARN_RANGE_LOOP_ANALYSIS = YES;
				CLANG_WARN_STRICT_PROTOTYPES = YES;
				CLANG_WARN_SUSPICIOUS_MOVE = YES;
				CLANG_WARN_UNGUARDED_AVAILABILITY = YES_AGGRESSIVE;
				CLANG_WARN_UNREACHABLE_CODE = YES;
				CLANG_WARN__DUPLICATE_METHOD_MATCH = YES;
				CODE_SIGN_IDENTITY = "iPhone Developer";
				COPY_PHASE_STRIP = NO;
				DEBUG_INFORMATION_FORMAT = "dwarf-with-dsym";
				ENABLE_NS_ASSERTIONS = NO;
				ENABLE_STRICT_OBJC_MSGSEND = YES;
				GCC_C_LANGUAGE_STANDARD = gnu11;
				GCC_NO_COMMON_BLOCKS = YES;
				GCC_WARN_64_TO_32_BIT_CONVERSION = YES;
				GCC_WARN_ABOUT_RETURN_TYPE = YES_ERROR;
				GCC_WARN_UNDECLARED_SELECTOR = YES;
				GCC_WARN_UNINITIALIZED_AUTOS = YES_AGGRESSIVE;
				GCC_WARN_UNUSED_FUNCTION = YES;
				GCC_WARN_UNUSED_VARIABLE = YES;
				IPHONEOS_DEPLOYMENT_TARGET = 12.2;
				MTL_ENABLE_DEBUG_INFO = NO;
				MTL_FAST_MATH = YES;
				SDKROOT = iphoneos;
				VALIDATE_PRODUCT = YES;
			};
			name = Release;
		};
		C0269F3C22D3FC1B00371814 /* Debug */ = {
			isa = XCBuildConfiguration;
			baseConfigurationReference = F202ED24ED6C8335CC65D4B4 /* Pods-Instagram.debug.xcconfig */;
			buildSettings = {
				ASSETCATALOG_COMPILER_APPICON_NAME = AppIcon;
				CODE_SIGN_STYLE = Automatic;
				DEVELOPMENT_TEAM = B7858TC3S4;
				INFOPLIST_FILE = Instagram/Info.plist;
				LD_RUNPATH_SEARCH_PATHS = (
					"$(inherited)",
					"@executable_path/Frameworks",
				);
				PRODUCT_BUNDLE_IDENTIFIER = com.lqdlyg.Instagram;
				PRODUCT_NAME = "$(TARGET_NAME)";
				TARGETED_DEVICE_FAMILY = "1,2";
			};
			name = Debug;
		};
		C0269F3D22D3FC1B00371814 /* Release */ = {
			isa = XCBuildConfiguration;
			baseConfigurationReference = 01C0D69D9E75D8E4BE4E103D /* Pods-Instagram.release.xcconfig */;
			buildSettings = {
				ASSETCATALOG_COMPILER_APPICON_NAME = AppIcon;
				CODE_SIGN_STYLE = Automatic;
				DEVELOPMENT_TEAM = B7858TC3S4;
				INFOPLIST_FILE = Instagram/Info.plist;
				LD_RUNPATH_SEARCH_PATHS = (
					"$(inherited)",
					"@executable_path/Frameworks",
				);
				PRODUCT_BUNDLE_IDENTIFIER = com.lqdlyg.Instagram;
				PRODUCT_NAME = "$(TARGET_NAME)";
				TARGETED_DEVICE_FAMILY = "1,2";
			};
			name = Release;
		};
		C0269F3F22D3FC1B00371814 /* Debug */ = {
			isa = XCBuildConfiguration;
			baseConfigurationReference = 245B5A9B55B9D49559D0720D /* Pods-InstagramTests.debug.xcconfig */;
			buildSettings = {
				BUNDLE_LOADER = "$(TEST_HOST)";
				CODE_SIGN_STYLE = Automatic;
				DEVELOPMENT_TEAM = B7858TC3S4;
				INFOPLIST_FILE = InstagramTests/Info.plist;
				LD_RUNPATH_SEARCH_PATHS = (
					"$(inherited)",
					"@executable_path/Frameworks",
					"@loader_path/Frameworks",
				);
				PRODUCT_BUNDLE_IDENTIFIER = com.lqdlyg.InstagramTests;
				PRODUCT_NAME = "$(TARGET_NAME)";
				TARGETED_DEVICE_FAMILY = "1,2";
				TEST_HOST = "$(BUILT_PRODUCTS_DIR)/Instagram.app/Instagram";
			};
			name = Debug;
		};
		C0269F4022D3FC1B00371814 /* Release */ = {
			isa = XCBuildConfiguration;
			baseConfigurationReference = 90C65A7660BAECC19B8290E1 /* Pods-InstagramTests.release.xcconfig */;
			buildSettings = {
				BUNDLE_LOADER = "$(TEST_HOST)";
				CODE_SIGN_STYLE = Automatic;
				DEVELOPMENT_TEAM = B7858TC3S4;
				INFOPLIST_FILE = InstagramTests/Info.plist;
				LD_RUNPATH_SEARCH_PATHS = (
					"$(inherited)",
					"@executable_path/Frameworks",
					"@loader_path/Frameworks",
				);
				PRODUCT_BUNDLE_IDENTIFIER = com.lqdlyg.InstagramTests;
				PRODUCT_NAME = "$(TARGET_NAME)";
				TARGETED_DEVICE_FAMILY = "1,2";
				TEST_HOST = "$(BUILT_PRODUCTS_DIR)/Instagram.app/Instagram";
			};
			name = Release;
		};
		C0269F4222D3FC1B00371814 /* Debug */ = {
			isa = XCBuildConfiguration;
			baseConfigurationReference = 7EED6C497DD4B2531DA4120C /* Pods-InstagramUITests.debug.xcconfig */;
			buildSettings = {
				CODE_SIGN_STYLE = Automatic;
				DEVELOPMENT_TEAM = B7858TC3S4;
				INFOPLIST_FILE = InstagramUITests/Info.plist;
				LD_RUNPATH_SEARCH_PATHS = (
					"$(inherited)",
					"@executable_path/Frameworks",
					"@loader_path/Frameworks",
				);
				PRODUCT_BUNDLE_IDENTIFIER = com.lqdlyg.InstagramUITests;
				PRODUCT_NAME = "$(TARGET_NAME)";
				TARGETED_DEVICE_FAMILY = "1,2";
				TEST_TARGET_NAME = Instagram;
			};
			name = Debug;
		};
		C0269F4322D3FC1B00371814 /* Release */ = {
			isa = XCBuildConfiguration;
			baseConfigurationReference = 35FA010E5E62C23379A6ABE8 /* Pods-InstagramUITests.release.xcconfig */;
			buildSettings = {
				CODE_SIGN_STYLE = Automatic;
				DEVELOPMENT_TEAM = B7858TC3S4;
				INFOPLIST_FILE = InstagramUITests/Info.plist;
				LD_RUNPATH_SEARCH_PATHS = (
					"$(inherited)",
					"@executable_path/Frameworks",
					"@loader_path/Frameworks",
				);
				PRODUCT_BUNDLE_IDENTIFIER = com.lqdlyg.InstagramUITests;
				PRODUCT_NAME = "$(TARGET_NAME)";
				TARGETED_DEVICE_FAMILY = "1,2";
				TEST_TARGET_NAME = Instagram;
			};
			name = Release;
		};
/* End XCBuildConfiguration section */

/* Begin XCConfigurationList section */
		C0269F0A22D3FC1A00371814 /* Build configuration list for PBXProject "Instagram" */ = {
			isa = XCConfigurationList;
			buildConfigurations = (
				C0269F3922D3FC1B00371814 /* Debug */,
				C0269F3A22D3FC1B00371814 /* Release */,
			);
			defaultConfigurationIsVisible = 0;
			defaultConfigurationName = Release;
		};
		C0269F3B22D3FC1B00371814 /* Build configuration list for PBXNativeTarget "Instagram" */ = {
			isa = XCConfigurationList;
			buildConfigurations = (
				C0269F3C22D3FC1B00371814 /* Debug */,
				C0269F3D22D3FC1B00371814 /* Release */,
			);
			defaultConfigurationIsVisible = 0;
			defaultConfigurationName = Release;
		};
		C0269F3E22D3FC1B00371814 /* Build configuration list for PBXNativeTarget "InstagramTests" */ = {
			isa = XCConfigurationList;
			buildConfigurations = (
				C0269F3F22D3FC1B00371814 /* Debug */,
				C0269F4022D3FC1B00371814 /* Release */,
			);
			defaultConfigurationIsVisible = 0;
			defaultConfigurationName = Release;
		};
		C0269F4122D3FC1B00371814 /* Build configuration list for PBXNativeTarget "InstagramUITests" */ = {
			isa = XCConfigurationList;
			buildConfigurations = (
				C0269F4222D3FC1B00371814 /* Debug */,
				C0269F4322D3FC1B00371814 /* Release */,
			);
			defaultConfigurationIsVisible = 0;
			defaultConfigurationName = Release;
		};
/* End XCConfigurationList section */
	};
	rootObject = C0269F0722D3FC1A00371814 /* Project object */;
}
